PODS:
  - AccountKit (1.0.0):
    - FusionBase
  - CoreService (1.0.0):
    - CoreService/Core (= 1.0.0)
  - CoreService/Core (1.0.0)
  - Enviroment (1.0.0):
    - FusionBase
  - FMDB (2.7.12):
    - FMDB/standard (= 2.7.12)
  - FMDB/Core (2.7.12)
  - FMDB/standard (2.7.12):
    - FMDB/Core
  - FusionBase (1.0.0)
  - FusionCore (1.0.0):
    - FusionBase
    - Utility
  - FusionUI (1.0.0):
    - FusionBase
  - LookinServer (1.2.8):
    - LookinServer/Core (= 1.2.8)
  - LookinServer/Core (1.2.8)
  - SDWebImage (5.21.7):
    - SDWebImage/Core (= 5.21.7)
  - SDWebImage/Core (5.21.7)
  - SocialStoryCore (1.0.0):
    - AccountKit
    - CoreService
    - FMDB
    - FusionBase
    - FusionCore
    - FusionUI
  - StoryGeneration (1.0.0):
    - FusionUI
    - SocialStoryCore
  - StoryLibrary (1.0.0):
    - FusionUI
    - SDWebImage (~> 5.0)
    - SocialStoryCore
  - StoryProfile (1.0.0):
    - AccountKit
    - FusionUI
    - SDWebImage (~> 5.0)
    - SocialStoryCore
  - StoryReader (1.0.0):
    - FusionUI
    - SocialStoryCore
  - StorySettings (1.0.0):
    - FusionUI
    - SocialStoryCore
  - StorySubscription (1.0.0):
    - FusionUI
    - SocialStoryCore
  - StoryTemplates (1.0.0):
    - FusionUI
    - SocialStoryCore
  - Utility (1.0.0):
    - Enviroment
    - FusionBase

DEPENDENCIES:
  - AccountKit (from `.`)
  - CoreService (from `.`)
  - Enviroment (from `.`)
  - FMDB (~> 2.7)
  - FusionBase (from `.`)
  - FusionCore (from `.`)
  - FusionUI (from `.`)
  - LookinServer
  - SDWebImage (~> 5.0)
  - SocialStoryCore (from `.`)
  - StoryGeneration (from `.`)
  - StoryLibrary (from `.`)
  - StoryProfile (from `.`)
  - StoryReader (from `.`)
  - StorySettings (from `.`)
  - StorySubscription (from `.`)
  - StoryTemplates (from `.`)
  - Utility (from `.`)

SPEC REPOS:
  trunk:
    - FMDB
    - LookinServer
    - SDWebImage

EXTERNAL SOURCES:
  AccountKit:
    :path: "."
  CoreService:
    :path: "."
  Enviroment:
    :path: "."
  FusionBase:
    :path: "."
  FusionCore:
    :path: "."
  FusionUI:
    :path: "."
  SocialStoryCore:
    :path: "."
  StoryGeneration:
    :path: "."
  StoryLibrary:
    :path: "."
  StoryProfile:
    :path: "."
  StoryReader:
    :path: "."
  StorySettings:
    :path: "."
  StorySubscription:
    :path: "."
  StoryTemplates:
    :path: "."
  Utility:
    :path: "."

SPEC CHECKSUMS:
  AccountKit: 2de5359db9f7db4a4e0c8339274c4d82eed1e00f
  CoreService: 66c69a344a66171f09d8f0cd91a14d22a026fad5
  Enviroment: 19515c3183d2b85c5e3764097638c7783f0bf608
  FMDB: 728731dd336af3936ce00f91d9d8495f5718a0e6
  FusionBase: 3e39e3812b3c60499bc129158f3160a633a3fd69
  FusionCore: 3093f3420f9ee331d244a03f9f3878ab672db3db
  FusionUI: e7caafbb549aeec95682397e2b3a04b2d1b074b9
  LookinServer: 1b2b61c6402ae29fa22182d48f5cd067b4e99e80
  SDWebImage: e9fc87c1aab89a8ab1bbd74eba378c6f53be8abf
  SocialStoryCore: 2f91fd6e5535e585eeb96d866b7eacb2542d9454
  StoryGeneration: b53add16a699883c623e13fde6fa231cdd10acf2
  StoryLibrary: d63871f992fdfd656acc9b61d9ed335f0df063d3
  StoryProfile: 10bc52f84e438bdaf35988b4407312e1a6cb833c
  StoryReader: 554c5769b642ba11e7015be06846d057ec39733a
  StorySettings: 51f558235ad61f94b91c2c17576e35aa23b9f7c3
  StorySubscription: 06655a5a33ffc78795588b5e3914352946f49b5a
  StoryTemplates: 0b6e9b9b55610e158776da69aa3fcaf32fc84186
  Utility: 9007ef782e4ff29e38ac6657bad72d00725c75e7

PODFILE CHECKSUM: 9085b884915d4a1badc7a5ced17271882dbed177

COCOAPODS: 1.16.2
